// !$*UTF8*$!
{
	archiveVersion = 1;
	classes = {
	};
	objectVersion = 45;
	objects = {

/* Begin PBXBuildFile section */
		851F89700F78271600A6C185 /* main.m in Sources */ = {isa = PBXBuildFile; fileRef = 851F896F0F78271600A6C185 /* main.m */; };
		C1AEFC9F126CF3C000A148F7 /* AppSupport.framework in Frameworks */ = {isa = PBXBuildFile; fileRef = C158BDF91238056B00A43941 /* AppSupport.framework */; };
		C1C71F3412355D2D00B473E8 /* UIKit.framework in Frameworks */ = {isa = PBXBuildFile; fileRef = C1C71E8D12355D1400B473E8 /* UIKit.framework */; };
		C1C71F3512355D2D00B473E8 /* Foundation.framework in Frameworks */ = {isa = PBXBuildFile; fileRef = C1C71E8E12355D1900B473E8 /* Foundation.framework */; };
/* End PBXBuildFile section */

/* Begin PBXFileReference section */
		32CA4F630368D1EE00C91783 /* MultiCleaner_Prefix.pch */ = {isa = PBXFileReference; fileEncoding = 4; lastKnownFileType = sourcecode.c.h; path = MultiCleaner_Prefix.pch; sourceTree = "<group>"; };
		851F896F0F78271600A6C185 /* main.m */ = {isa = PBXFileReference; fileEncoding = 4; lastKnownFileType = sourcecode.c.objc; path = main.m; sourceTree = "<group>"; };
		C14DB9A61259B794009C63EA /* MultiCleaner.app */ = {isa = PBXFileReference; explicitFileType = wrapper.application; includeInIndex = 0; path = MultiCleaner.app; sourceTree = BUILT_PRODUCTS_DIR; };
		C158BDF91238056B00A43941 /* AppSupport.framework */ = {isa = PBXFileReference; lastKnownFileType = wrapper.framework; name = AppSupport.framework; path = System/Library/PrivateFrameworks/AppSupport.framework; sourceTree = SDKROOT; };
		C1C71E8D12355D1400B473E8 /* UIKit.framework */ = {isa = PBXFileReference; lastKnownFileType = wrapper.framework; name = UIKit.framework; path = System/Library/Frameworks/UIKit.framework; sourceTree = SDKROOT; };
		C1C71E8E12355D1900B473E8 /* Foundation.framework */ = {isa = PBXFileReference; lastKnownFileType = wrapper.framework; name = Foundation.framework; path = System/Library/Frameworks/Foundation.framework; sourceTree = SDKROOT; };
		C1C7207912363A8300B473E8 /* Preferences.framework */ = {isa = PBXFileReference; lastKnownFileType = wrapper.framework; name = Preferences.framework; path = System/Library/PrivateFrameworks/Preferences.framework; sourceTree = SDKROOT; };
/* End PBXFileReference section */

/* Begin PBXFrameworksBuildPhase section */
		1D60588F0D05DD3D006BFB54 /* Frameworks */ = {
			isa = PBXFrameworksBuildPhase;
			buildActionMask = 2147483647;
			files = (
				C1AEFC9F126CF3C000A148F7 /* AppSupport.framework in Frameworks */,
				C1C71F3412355D2D00B473E8 /* UIKit.framework in Frameworks */,
				C1C71F3512355D2D00B473E8 /* Foundation.framework in Frameworks */,
			);
			runOnlyForDeploymentPostprocessing = 0;
		};
/* End PBXFrameworksBuildPhase section */

/* Begin PBXGroup section */
		080E96DDFE201D6D7F000001 /* Classes */ = {
			isa = PBXGroup;
			children = (
				851F896F0F78271600A6C185 /* main.m */,
			);
			path = Classes;
			sourceTree = "<group>";
		};
		19C28FACFE9D520D11CA2CBB /* Products */ = {
			isa = PBXGroup;
			children = (
				C14DB9A61259B794009C63EA /* MultiCleaner.app */,
			);
			name = Products;
			sourceTree = "<group>";
		};
		29B97314FDCFA39411CA2CEA /* CustomTemplate */ = {
			isa = PBXGroup;
			children = (
				080E96DDFE201D6D7F000001 /* Classes */,
				29B97315FDCFA39411CA2CEA /* Other Sources */,
				29B97323FDCFA39411CA2CEA /* Frameworks */,
				19C28FACFE9D520D11CA2CBB /* Products */,
			);
			name = CustomTemplate;
			sourceTree = "<group>";
		};
		29B97315FDCFA39411CA2CEA /* Other Sources */ = {
			isa = PBXGroup;
			children = (
				32CA4F630368D1EE00C91783 /* MultiCleaner_Prefix.pch */,
			);
			name = "Other Sources";
			sourceTree = "<group>";
		};
		29B97323FDCFA39411CA2CEA /* Frameworks */ = {
			isa = PBXGroup;
			children = (
				C1C7207912363A8300B473E8 /* Preferences.framework */,
				C1C71E8D12355D1400B473E8 /* UIKit.framework */,
				C1C71E8E12355D1900B473E8 /* Foundation.framework */,
				C158BDF91238056B00A43941 /* AppSupport.framework */,
			);
			name = Frameworks;
			sourceTree = "<group>";
		};
/* End PBXGroup section */

/* Begin PBXNativeTarget section */
		1D6058900D05DD3D006BFB54 /* MultiCleaner */ = {
			isa = PBXNativeTarget;
			buildConfigurationList = 1D6058960D05DD3E006BFB54 /* Build configuration list for PBXNativeTarget "MultiCleaner" */;
			buildPhases = (
				1D60588D0D05DD3D006BFB54 /* Resources */,
				1D60588E0D05DD3D006BFB54 /* Sources */,
				1D60588F0D05DD3D006BFB54 /* Frameworks */,
				C19129DB123672B70047DA69 /* Install */,
			);
			buildRules = (
			);
			dependencies = (
			);
			name = MultiCleaner;
			productName = MultiCleaner;
			productReference = C14DB9A61259B794009C63EA /* MultiCleaner.app */;
			productType = "com.apple.product-type.application";
		};
/* End PBXNativeTarget section */

/* Begin PBXProject section */
		29B97313FDCFA39411CA2CEA /* Project object */ = {
			isa = PBXProject;
			buildConfigurationList = C01FCF4E08A954540054247B /* Build configuration list for PBXProject "SBSettings" */;
			compatibilityVersion = "Xcode 3.1";
			developmentRegion = English;
			hasScannedForEncodings = 1;
			knownRegions = (
				English,
				Japanese,
				French,
				German,
			);
			mainGroup = 29B97314FDCFA39411CA2CEA /* CustomTemplate */;
			projectDirPath = "";
			projectRoot = "";
			targets = (
				1D6058900D05DD3D006BFB54 /* MultiCleaner */,
			);
		};
/* End PBXProject section */

/* Begin PBXResourcesBuildPhase section */
		1D60588D0D05DD3D006BFB54 /* Resources */ = {
			isa = PBXResourcesBuildPhase;
			buildActionMask = 2147483647;
			files = (
			);
			runOnlyForDeploymentPostprocessing = 0;
		};
/* End PBXResourcesBuildPhase section */

/* Begin PBXShellScriptBuildPhase section */
		C19129DB123672B70047DA69 /* Install */ = {
			isa = PBXShellScriptBuildPhase;
			buildActionMask = 2147483647;
			files = (
			);
			inputPaths = (
			);
			name = Install;
			outputPaths = (
			);
			runOnlyForDeploymentPostprocessing = 0;
			shellPath = /bin/bash;
			shellScript = "SOURCE=${CONFIGURATION_BUILD_DIR}/MultiCleaner.app/MultiCleaner\nDEST=MultiCleaner.dylib\nif [ -f \"$DEST\" ] \nthen\n rm -r \"$DEST\"\nfi\ncp \"$SOURCE\" \"$DEST\"\n/usr/local/bin/ldid -S \"$DEST\"";
		};
/* End PBXShellScriptBuildPhase section */

/* Begin PBXSourcesBuildPhase section */
		1D60588E0D05DD3D006BFB54 /* Sources */ = {
			isa = PBXSourcesBuildPhase;
			buildActionMask = 2147483647;
			files = (
				851F89700F78271600A6C185 /* main.m in Sources */,
			);
			runOnlyForDeploymentPostprocessing = 0;
		};
/* End PBXSourcesBuildPhase section */

/* Begin XCBuildConfiguration section */
		1D6058940D05DD3E006BFB54 /* Debug */ = {
			isa = XCBuildConfiguration;
			buildSettings = {
				ALWAYS_SEARCH_USER_PATHS = NO;
				"CODE_SIGN_IDENTITY[sdk=iphoneos*]" = "iPhone Developer";
				COPY_PHASE_STRIP = NO;
				FRAMEWORK_SEARCH_PATHS = (
					"$(inherited)",
					"\"$(SDKROOT)$(SYSTEM_LIBRARY_DIR)/PrivateFrameworks\"",
				);
				GCC_DYNAMIC_NO_PIC = NO;
				GCC_OPTIMIZATION_LEVEL = 0;
				GCC_PRECOMPILE_PREFIX_HEADER = YES;
				GCC_PREFIX_HEADER = MultiCleaner_Prefix.pch;
				INFOPLIST_FILE = "";
				LIBRARY_SEARCH_PATHS = (
					"$(inherited)",
					"\"$(DEVELOPER_DIR)/JBToolkit\"",
					"\"$(SRCROOT)\"",
				);
				MACH_O_TYPE = mh_dylib;
				OTHER_CODE_SIGN_FLAGS = "-ngta";
				OTHER_LDFLAGS = "-bind_at_load";
				PRODUCT_NAME = MultiCleaner;
			};
			name = Debug;
		};
		1D6058950D05DD3E006BFB54 /* Release */ = {
			isa = XCBuildConfiguration;
			buildSettings = {
				ALWAYS_SEARCH_USER_PATHS = NO;
				"CODE_SIGN_IDENTITY[sdk=iphoneos*]" = "iPhone Developer";
				COPY_PHASE_STRIP = YES;
				FRAMEWORK_SEARCH_PATHS = (
					"$(inherited)",
					"\"$(SDKROOT)$(SYSTEM_LIBRARY_DIR)/PrivateFrameworks\"",
				);
				GCC_PRECOMPILE_PREFIX_HEADER = YES;
				GCC_PREFIX_HEADER = MultiCleaner_Prefix.pch;
				INFOPLIST_FILE = "";
				LIBRARY_SEARCH_PATHS = (
					"$(inherited)",
					"\"$(DEVELOPER_DIR)/JBToolkit\"",
					"\"$(SRCROOT)\"",
				);
				MACH_O_TYPE = mh_dylib;
				OTHER_CODE_SIGN_FLAGS = "-ngta";
				OTHER_LDFLAGS = "-bind_at_load";
				PRODUCT_NAME = MultiCleaner;
			};
			name = Release;
		};
		C01FCF4F08A954540054247B /* Debug */ = {
			isa = XCBuildConfiguration;
			buildSettings = {
				ARCHS = "$(ARCHS_STANDARD_32_BIT)";
				"CODE_SIGN_IDENTITY[sdk=iphoneos*]" = "Don't Code Sign";
				COPY_PHASE_STRIP = NO;
				GCC_C_LANGUAGE_STANDARD = c99;
				GCC_DYNAMIC_NO_PIC = NO;
				GCC_WARN_ABOUT_RETURN_TYPE = YES;
				GCC_WARN_UNUSED_VARIABLE = YES;
				IPHONEOS_DEPLOYMENT_TARGET = 4.0;
				LD_OPENMP_FLAGS = "-fopenmp";
				MACH_O_TYPE = mh_dylib;
				ONLY_ACTIVE_ARCH = YES;
				OTHER_LDFLAGS = (
					"-lobjc",
					"-bind_at_load",
				);
				PREBINDING = NO;
				SDKROOT = iphoneos4.1;
				STRIP_INSTALLED_PRODUCT = NO;
				STRIP_STYLE = debugging;
			};
			name = Debug;
		};
		C01FCF5008A954540054247B /* Release */ = {
			isa = XCBuildConfiguration;
			buildSettings = {
				ARCHS = "$(ARCHS_STANDARD_32_BIT)";
				"CODE_SIGN_IDENTITY[sdk=iphoneos*]" = "Don't Code Sign";
				COPY_PHASE_STRIP = NO;
				GCC_C_LANGUAGE_STANDARD = c99;
				GCC_DYNAMIC_NO_PIC = NO;
				GCC_WARN_ABOUT_RETURN_TYPE = YES;
				GCC_WARN_UNUSED_VARIABLE = YES;
				IPHONEOS_DEPLOYMENT_TARGET = 4.0;
				MACH_O_TYPE = mh_dylib;
				OTHER_LDFLAGS = (
					"-lobjc",
					"-bind_at_load",
				);
				PREBINDING = NO;
				SDKROOT = iphoneos4.1;
				STRIP_INSTALLED_PRODUCT = NO;
				STRIP_STYLE = debugging;
			};
			name = Release;
		};
/* End XCBuildConfiguration section */

/* Begin XCConfigurationList section */
		1D6058960D05DD3E006BFB54 /* Build configuration list for PBXNativeTarget "MultiCleaner" */ = {
			isa = XCConfigurationList;
			buildConfigurations = (
				1D6058940D05DD3E006BFB54 /* Debug */,
				1D6058950D05DD3E006BFB54 /* Release */,
			);
			defaultConfigurationIsVisible = 0;
			defaultConfigurationName = Release;
		};
		C01FCF4E08A954540054247B /* Build configuration list for PBXProject "SBSettings" */ = {
			isa = XCConfigurationList;
			buildConfigurations = (
				C01FCF4F08A954540054247B /* Debug */,
				C01FCF5008A954540054247B /* Release */,
			);
			defaultConfigurationIsVisible = 0;
			defaultConfigurationName = Release;
		};
/* End XCConfigurationList section */
	};
	rootObject = 29B97313FDCFA39411CA2CEA /* Project object */;
}
