// !$*UTF8*$!
{
	archiveVersion = 1;
	classes = {
	};
	objectVersion = 45;
	objects = {

/* Begin PBXBuildFile section */
		1D3623260D0F684500981E51 /* MultiCleanerAppDelegate.m in Sources */ = {isa = PBXBuildFile; fileRef = 1D3623250D0F684500981E51 /* MultiCleanerAppDelegate.m */; };
		1D60589B0D05DD56006BFB54 /* main.m in Sources */ = {isa = PBXBuildFile; fileRef = 29B97316FDCFA39411CA2CEA /* main.m */; };
		1D60589F0D05DD5A006BFB54 /* Foundation.framework in Frameworks */ = {isa = PBXBuildFile; fileRef = 1D30AB110D05D00D00671497 /* Foundation.framework */; };
		1DF5F4E00D08C38300B7A737 /* UIKit.framework in Frameworks */ = {isa = PBXBuildFile; fileRef = 1DF5F4DF0D08C38300B7A737 /* UIKit.framework */; };
		2892E4100DC94CBA00A64D0F /* CoreGraphics.framework in Frameworks */ = {isa = PBXBuildFile; fileRef = 2892E40F0DC94CBA00A64D0F /* CoreGraphics.framework */; };
		28C286E10D94DF7D0034E888 /* RootViewController.m in Sources */ = {isa = PBXBuildFile; fileRef = 28C286E00D94DF7D0034E888 /* RootViewController.m */; };
		C10D4E64123CA3770038042D /* About.m in Sources */ = {isa = PBXBuildFile; fileRef = C10D4E62123CA3770038042D /* About.m */; };
		C10D4E73123CA7410038042D /* About.txt in Resources */ = {isa = PBXBuildFile; fileRef = C10D4E72123CA7410038042D /* About.txt */; };
		C116D86D123B5ABC00667659 /* Icon-small.png in Resources */ = {isa = PBXBuildFile; fileRef = C116D869123B5ABC00667659 /* Icon-small.png */; };
		C116D86E123B5ABC00667659 /* Icon-small@2x.png in Resources */ = {isa = PBXBuildFile; fileRef = C116D86A123B5ABC00667659 /* Icon-small@2x.png */; };
		C116D86F123B5ABC00667659 /* Icon.png in Resources */ = {isa = PBXBuildFile; fileRef = C116D86B123B5ABC00667659 /* Icon.png */; };
		C116D870123B5ABC00667659 /* Icon@2x.png in Resources */ = {isa = PBXBuildFile; fileRef = C116D86C123B5ABC00667659 /* Icon@2x.png */; };
		C116D872123B5AE100667659 /* defaults.plist in Resources */ = {isa = PBXBuildFile; fileRef = C116D871123B5AE100667659 /* defaults.plist */; };
		C116D87A123B5B4800667659 /* Default.png in Resources */ = {isa = PBXBuildFile; fileRef = C116D879123B5B4800667659 /* Default.png */; };
		C14A681E1258A0D5003B95B9 /* MCIndividualSettings.m in Sources */ = {isa = PBXBuildFile; fileRef = C14A681D1258A0D4003B95B9 /* MCIndividualSettings.m */; };
		C158BE1D12380BB100A43941 /* AppSupport.framework in Frameworks */ = {isa = PBXBuildFile; fileRef = C158BE1C12380BB100A43941 /* AppSupport.framework */; };
		C17903CE1236E22800D8CD8E /* SettingsView.m in Sources */ = {isa = PBXBuildFile; fileRef = C17903CD1236E22800D8CD8E /* SettingsView.m */; };
		C179045C1236F49C00D8CD8E /* SwitchCell.m in Sources */ = {isa = PBXBuildFile; fileRef = C179045B1236F49C00D8CD8E /* SwitchCell.m */; };
		C17904D81237028700D8CD8E /* libactivator.dylib in Frameworks */ = {isa = PBXBuildFile; fileRef = C17904D71237028700D8CD8E /* libactivator.dylib */; };
		C1912B521236C86B0047DA69 /* ApplicationPickerController.m in Sources */ = {isa = PBXBuildFile; fileRef = C1912B511236C86B0047DA69 /* ApplicationPickerController.m */; };
		C1912B6C1236CDF40047DA69 /* ApplicationCell.m in Sources */ = {isa = PBXBuildFile; fileRef = C1912B6B1236CDF40047DA69 /* ApplicationCell.m */; };
		C1912B741236CEC20047DA69 /* SpringBoardServices.framework in Frameworks */ = {isa = PBXBuildFile; fileRef = C1912B731236CEC20047DA69 /* SpringBoardServices.framework */; };
		C1A51150124F3409006D3842 /* AdvancedView.m in Sources */ = {isa = PBXBuildFile; fileRef = C1A5114F124F3409006D3842 /* AdvancedView.m */; };
		C1A51153124F3849006D3842 /* MCSettings.m in Sources */ = {isa = PBXBuildFile; fileRef = C1A51152124F3849006D3842 /* MCSettings.m */; };
		C1A51156124F42D2006D3842 /* PickerTableController.m in Sources */ = {isa = PBXBuildFile; fileRef = C1A51155124F42D2006D3842 /* PickerTableController.m */; };
/* End PBXBuildFile section */

/* Begin PBXFileReference section */
		1D30AB110D05D00D00671497 /* Foundation.framework */ = {isa = PBXFileReference; lastKnownFileType = wrapper.framework; name = Foundation.framework; path = System/Library/Frameworks/Foundation.framework; sourceTree = SDKROOT; };
		1D3623240D0F684500981E51 /* MultiCleanerAppDelegate.h */ = {isa = PBXFileReference; fileEncoding = 4; lastKnownFileType = sourcecode.c.h; path = MultiCleanerAppDelegate.h; sourceTree = "<group>"; };
		1D3623250D0F684500981E51 /* MultiCleanerAppDelegate.m */ = {isa = PBXFileReference; fileEncoding = 4; lastKnownFileType = sourcecode.c.objc; path = MultiCleanerAppDelegate.m; sourceTree = "<group>"; };
		1D6058910D05DD3D006BFB54 /* MultiCleaner.app */ = {isa = PBXFileReference; explicitFileType = wrapper.application; includeInIndex = 0; path = MultiCleaner.app; sourceTree = BUILT_PRODUCTS_DIR; };
		1DF5F4DF0D08C38300B7A737 /* UIKit.framework */ = {isa = PBXFileReference; lastKnownFileType = wrapper.framework; name = UIKit.framework; path = System/Library/Frameworks/UIKit.framework; sourceTree = SDKROOT; };
		2892E40F0DC94CBA00A64D0F /* CoreGraphics.framework */ = {isa = PBXFileReference; lastKnownFileType = wrapper.framework; name = CoreGraphics.framework; path = System/Library/Frameworks/CoreGraphics.framework; sourceTree = SDKROOT; };
		28A0AAE50D9B0CCF005BE974 /* MultiCleaner_Prefix.pch */ = {isa = PBXFileReference; fileEncoding = 4; lastKnownFileType = sourcecode.c.h; path = MultiCleaner_Prefix.pch; sourceTree = "<group>"; };
		28C286DF0D94DF7D0034E888 /* RootViewController.h */ = {isa = PBXFileReference; fileEncoding = 4; lastKnownFileType = sourcecode.c.h; path = RootViewController.h; sourceTree = "<group>"; };
		28C286E00D94DF7D0034E888 /* RootViewController.m */ = {isa = PBXFileReference; fileEncoding = 4; lastKnownFileType = sourcecode.c.objc; path = RootViewController.m; sourceTree = "<group>"; };
		29B97316FDCFA39411CA2CEA /* main.m */ = {isa = PBXFileReference; fileEncoding = 4; lastKnownFileType = sourcecode.c.objc; path = main.m; sourceTree = "<group>"; };
		8D1107310486CEB800E47090 /* MultiCleaner-Info.plist */ = {isa = PBXFileReference; fileEncoding = 4; lastKnownFileType = text.plist.xml; path = "MultiCleaner-Info.plist"; plistStructureDefinitionIdentifier = "com.apple.xcode.plist.structure-definition.iphone.info-plist"; sourceTree = "<group>"; };
		C10D4E61123CA3770038042D /* About.h */ = {isa = PBXFileReference; fileEncoding = 4; lastKnownFileType = sourcecode.c.h; path = About.h; sourceTree = "<group>"; };
		C10D4E62123CA3770038042D /* About.m */ = {isa = PBXFileReference; fileEncoding = 4; lastKnownFileType = sourcecode.c.objc; path = About.m; sourceTree = "<group>"; };
		C10D4E72123CA7410038042D /* About.txt */ = {isa = PBXFileReference; fileEncoding = 4; lastKnownFileType = text; path = About.txt; sourceTree = "<group>"; };
		C116D869123B5ABC00667659 /* Icon-small.png */ = {isa = PBXFileReference; lastKnownFileType = image.png; path = "Icon-small.png"; sourceTree = "<group>"; };
		C116D86A123B5ABC00667659 /* Icon-small@2x.png */ = {isa = PBXFileReference; lastKnownFileType = image.png; path = "Icon-small@2x.png"; sourceTree = "<group>"; };
		C116D86B123B5ABC00667659 /* Icon.png */ = {isa = PBXFileReference; lastKnownFileType = image.png; path = Icon.png; sourceTree = "<group>"; };
		C116D86C123B5ABC00667659 /* Icon@2x.png */ = {isa = PBXFileReference; lastKnownFileType = image.png; path = "Icon@2x.png"; sourceTree = "<group>"; };
		C116D871123B5AE100667659 /* defaults.plist */ = {isa = PBXFileReference; fileEncoding = 4; lastKnownFileType = text.plist.xml; path = defaults.plist; sourceTree = "<group>"; };
		C116D879123B5B4800667659 /* Default.png */ = {isa = PBXFileReference; lastKnownFileType = image.png; path = Default.png; sourceTree = "<group>"; };
		C14A681C1258A0D4003B95B9 /* MCIndividualSettings.h */ = {isa = PBXFileReference; fileEncoding = 4; lastKnownFileType = sourcecode.c.h; name = MCIndividualSettings.h; path = ../Common/MCIndividualSettings.h; sourceTree = SOURCE_ROOT; };
		C14A681D1258A0D4003B95B9 /* MCIndividualSettings.m */ = {isa = PBXFileReference; fileEncoding = 4; lastKnownFileType = sourcecode.c.objc; name = MCIndividualSettings.m; path = ../../Common/MCIndividualSettings.m; sourceTree = "<group>"; };
		C158BE1C12380BB100A43941 /* AppSupport.framework */ = {isa = PBXFileReference; lastKnownFileType = wrapper.framework; name = AppSupport.framework; path = System/Library/PrivateFrameworks/AppSupport.framework; sourceTree = SDKROOT; };
		C17903CC1236E22800D8CD8E /* SettingsView.h */ = {isa = PBXFileReference; fileEncoding = 4; lastKnownFileType = sourcecode.c.h; path = SettingsView.h; sourceTree = "<group>"; };
		C17903CD1236E22800D8CD8E /* SettingsView.m */ = {isa = PBXFileReference; fileEncoding = 4; lastKnownFileType = sourcecode.c.objc; path = SettingsView.m; sourceTree = "<group>"; };
		C179045A1236F49C00D8CD8E /* SwitchCell.h */ = {isa = PBXFileReference; fileEncoding = 4; lastKnownFileType = sourcecode.c.h; path = SwitchCell.h; sourceTree = "<group>"; };
		C179045B1236F49C00D8CD8E /* SwitchCell.m */ = {isa = PBXFileReference; fileEncoding = 4; lastKnownFileType = sourcecode.c.objc; path = SwitchCell.m; sourceTree = "<group>"; };
		C17904D71237028700D8CD8E /* libactivator.dylib */ = {isa = PBXFileReference; lastKnownFileType = "compiled.mach-o.dylib"; name = libactivator.dylib; path = JBToolkit/libactivator.dylib; sourceTree = DEVELOPER_DIR; };
		C1912B501236C86B0047DA69 /* ApplicationPickerController.h */ = {isa = PBXFileReference; fileEncoding = 4; lastKnownFileType = sourcecode.c.h; path = ApplicationPickerController.h; sourceTree = "<group>"; };
		C1912B511236C86B0047DA69 /* ApplicationPickerController.m */ = {isa = PBXFileReference; fileEncoding = 4; lastKnownFileType = sourcecode.c.objc; path = ApplicationPickerController.m; sourceTree = "<group>"; };
		C1912B6B1236CDF40047DA69 /* ApplicationCell.m */ = {isa = PBXFileReference; fileEncoding = 4; lastKnownFileType = sourcecode.c.objc; path = ApplicationCell.m; sourceTree = "<group>"; };
		C1912B6D1236CDFA0047DA69 /* ApplicationCell.h */ = {isa = PBXFileReference; fileEncoding = 4; lastKnownFileType = sourcecode.c.h; path = ApplicationCell.h; sourceTree = "<group>"; };
		C1912B731236CEC20047DA69 /* SpringBoardServices.framework */ = {isa = PBXFileReference; lastKnownFileType = wrapper.framework; name = SpringBoardServices.framework; path = System/Library/PrivateFrameworks/SpringBoardServices.framework; sourceTree = SDKROOT; };
		C1A5114E124F3409006D3842 /* AdvancedView.h */ = {isa = PBXFileReference; fileEncoding = 4; lastKnownFileType = sourcecode.c.h; path = AdvancedView.h; sourceTree = "<group>"; };
		C1A5114F124F3409006D3842 /* AdvancedView.m */ = {isa = PBXFileReference; fileEncoding = 4; lastKnownFileType = sourcecode.c.objc; path = AdvancedView.m; sourceTree = "<group>"; };
		C1A51151124F3849006D3842 /* MCSettings.h */ = {isa = PBXFileReference; fileEncoding = 4; lastKnownFileType = sourcecode.c.h; name = MCSettings.h; path = ../Common/MCSettings.h; sourceTree = SOURCE_ROOT; };
		C1A51152124F3849006D3842 /* MCSettings.m */ = {isa = PBXFileReference; fileEncoding = 4; lastKnownFileType = sourcecode.c.objc; name = MCSettings.m; path = ../Common/MCSettings.m; sourceTree = SOURCE_ROOT; };
		C1A51154124F42D2006D3842 /* PickerTableController.h */ = {isa = PBXFileReference; fileEncoding = 4; lastKnownFileType = sourcecode.c.h; path = PickerTableController.h; sourceTree = "<group>"; };
		C1A51155124F42D2006D3842 /* PickerTableController.m */ = {isa = PBXFileReference; fileEncoding = 4; lastKnownFileType = sourcecode.c.objc; path = PickerTableController.m; sourceTree = "<group>"; };
/* End PBXFileReference section */

/* Begin PBXFrameworksBuildPhase section */
		1D60588F0D05DD3D006BFB54 /* Frameworks */ = {
			isa = PBXFrameworksBuildPhase;
			buildActionMask = 2147483647;
			files = (
				1D60589F0D05DD5A006BFB54 /* Foundation.framework in Frameworks */,
				1DF5F4E00D08C38300B7A737 /* UIKit.framework in Frameworks */,
				2892E4100DC94CBA00A64D0F /* CoreGraphics.framework in Frameworks */,
				C1912B741236CEC20047DA69 /* SpringBoardServices.framework in Frameworks */,
				C17904D81237028700D8CD8E /* libactivator.dylib in Frameworks */,
				C158BE1D12380BB100A43941 /* AppSupport.framework in Frameworks */,
			);
			runOnlyForDeploymentPostprocessing = 0;
		};
/* End PBXFrameworksBuildPhase section */

/* Begin PBXGroup section */
		080E96DDFE201D6D7F000001 /* Classes */ = {
			isa = PBXGroup;
			children = (
				28C286DF0D94DF7D0034E888 /* RootViewController.h */,
				28C286E00D94DF7D0034E888 /* RootViewController.m */,
				1D3623240D0F684500981E51 /* MultiCleanerAppDelegate.h */,
				1D3623250D0F684500981E51 /* MultiCleanerAppDelegate.m */,
				C1912B501236C86B0047DA69 /* ApplicationPickerController.h */,
				C1912B511236C86B0047DA69 /* ApplicationPickerController.m */,
				C17903CC1236E22800D8CD8E /* SettingsView.h */,
				C17903CD1236E22800D8CD8E /* SettingsView.m */,
				C179045A1236F49C00D8CD8E /* SwitchCell.h */,
				C179045B1236F49C00D8CD8E /* SwitchCell.m */,
				C1912B6D1236CDFA0047DA69 /* ApplicationCell.h */,
				C1912B6B1236CDF40047DA69 /* ApplicationCell.m */,
				C10D4E61123CA3770038042D /* About.h */,
				C10D4E62123CA3770038042D /* About.m */,
				C1A5114E124F3409006D3842 /* AdvancedView.h */,
				C1A5114F124F3409006D3842 /* AdvancedView.m */,
				C1A51154124F42D2006D3842 /* PickerTableController.h */,
				C1A51155124F42D2006D3842 /* PickerTableController.m */,
				C1A51151124F3849006D3842 /* MCSettings.h */,
				C1A51152124F3849006D3842 /* MCSettings.m */,
				C14A681C1258A0D4003B95B9 /* MCIndividualSettings.h */,
				C14A681D1258A0D4003B95B9 /* MCIndividualSettings.m */,
			);
			path = Classes;
			sourceTree = "<group>";
		};
		19C28FACFE9D520D11CA2CBB /* Products */ = {
			isa = PBXGroup;
			children = (
				1D6058910D05DD3D006BFB54 /* MultiCleaner.app */,
			);
			name = Products;
			sourceTree = "<group>";
		};
		29B97314FDCFA39411CA2CEA /* CustomTemplate */ = {
			isa = PBXGroup;
			children = (
				080E96DDFE201D6D7F000001 /* Classes */,
				29B97315FDCFA39411CA2CEA /* Other Sources */,
				29B97317FDCFA39411CA2CEA /* Resources */,
				29B97323FDCFA39411CA2CEA /* Frameworks */,
				19C28FACFE9D520D11CA2CBB /* Products */,
			);
			name = CustomTemplate;
			sourceTree = "<group>";
		};
		29B97315FDCFA39411CA2CEA /* Other Sources */ = {
			isa = PBXGroup;
			children = (
				28A0AAE50D9B0CCF005BE974 /* MultiCleaner_Prefix.pch */,
				29B97316FDCFA39411CA2CEA /* main.m */,
			);
			name = "Other Sources";
			sourceTree = "<group>";
		};
		29B97317FDCFA39411CA2CEA /* Resources */ = {
			isa = PBXGroup;
			children = (
				8D1107310486CEB800E47090 /* MultiCleaner-Info.plist */,
				C116D869123B5ABC00667659 /* Icon-small.png */,
				C116D86A123B5ABC00667659 /* Icon-small@2x.png */,
				C116D86B123B5ABC00667659 /* Icon.png */,
				C116D86C123B5ABC00667659 /* Icon@2x.png */,
				C116D879123B5B4800667659 /* Default.png */,
				C116D871123B5AE100667659 /* defaults.plist */,
				C10D4E72123CA7410038042D /* About.txt */,
			);
			name = Resources;
			sourceTree = "<group>";
		};
		29B97323FDCFA39411CA2CEA /* Frameworks */ = {
			isa = PBXGroup;
			children = (
				1DF5F4DF0D08C38300B7A737 /* UIKit.framework */,
				1D30AB110D05D00D00671497 /* Foundation.framework */,
				2892E40F0DC94CBA00A64D0F /* CoreGraphics.framework */,
				C1912B731236CEC20047DA69 /* SpringBoardServices.framework */,
				C17904D71237028700D8CD8E /* libactivator.dylib */,
				C158BE1C12380BB100A43941 /* AppSupport.framework */,
			);
			name = Frameworks;
			sourceTree = "<group>";
		};
/* End PBXGroup section */

/* Begin PBXNativeTarget section */
		1D6058900D05DD3D006BFB54 /* MultiCleaner */ = {
			isa = PBXNativeTarget;
			buildConfigurationList = 1D6058960D05DD3E006BFB54 /* Build configuration list for PBXNativeTarget "MultiCleaner" */;
			buildPhases = (
				1D60588D0D05DD3D006BFB54 /* Resources */,
				1D60588E0D05DD3D006BFB54 /* Sources */,
				1D60588F0D05DD3D006BFB54 /* Frameworks */,
			);
			buildRules = (
			);
			dependencies = (
			);
			name = MultiCleaner;
			productName = MultiCleaner;
			productReference = 1D6058910D05DD3D006BFB54 /* MultiCleaner.app */;
			productType = "com.apple.product-type.application";
		};
/* End PBXNativeTarget section */

/* Begin PBXProject section */
		29B97313FDCFA39411CA2CEA /* Project object */ = {
			isa = PBXProject;
			buildConfigurationList = C01FCF4E08A954540054247B /* Build configuration list for PBXProject "MultiCleaner" */;
			compatibilityVersion = "Xcode 3.1";
			developmentRegion = English;
			hasScannedForEncodings = 1;
			knownRegions = (
				English,
				Japanese,
				French,
				German,
				en,
			);
			mainGroup = 29B97314FDCFA39411CA2CEA /* CustomTemplate */;
			projectDirPath = "";
			projectRoot = "";
			targets = (
				1D6058900D05DD3D006BFB54 /* MultiCleaner */,
			);
		};
/* End PBXProject section */

/* Begin PBXResourcesBuildPhase section */
		1D60588D0D05DD3D006BFB54 /* Resources */ = {
			isa = PBXResourcesBuildPhase;
			buildActionMask = 2147483647;
			files = (
				C116D86D123B5ABC00667659 /* Icon-small.png in Resources */,
				C116D86E123B5ABC00667659 /* Icon-small@2x.png in Resources */,
				C116D86F123B5ABC00667659 /* Icon.png in Resources */,
				C116D870123B5ABC00667659 /* Icon@2x.png in Resources */,
				C116D872123B5AE100667659 /* defaults.plist in Resources */,
				C116D87A123B5B4800667659 /* Default.png in Resources */,
				C10D4E73123CA7410038042D /* About.txt in Resources */,
			);
			runOnlyForDeploymentPostprocessing = 0;
		};
/* End PBXResourcesBuildPhase section */

/* Begin PBXSourcesBuildPhase section */
		1D60588E0D05DD3D006BFB54 /* Sources */ = {
			isa = PBXSourcesBuildPhase;
			buildActionMask = 2147483647;
			files = (
				1D60589B0D05DD56006BFB54 /* main.m in Sources */,
				1D3623260D0F684500981E51 /* MultiCleanerAppDelegate.m in Sources */,
				28C286E10D94DF7D0034E888 /* RootViewController.m in Sources */,
				C1912B521236C86B0047DA69 /* ApplicationPickerController.m in Sources */,
				C1912B6C1236CDF40047DA69 /* ApplicationCell.m in Sources */,
				C17903CE1236E22800D8CD8E /* SettingsView.m in Sources */,
				C179045C1236F49C00D8CD8E /* SwitchCell.m in Sources */,
				C10D4E64123CA3770038042D /* About.m in Sources */,
				C1A51150124F3409006D3842 /* AdvancedView.m in Sources */,
				C1A51153124F3849006D3842 /* MCSettings.m in Sources */,
				C1A51156124F42D2006D3842 /* PickerTableController.m in Sources */,
				C14A681E1258A0D5003B95B9 /* MCIndividualSettings.m in Sources */,
			);
			runOnlyForDeploymentPostprocessing = 0;
		};
/* End PBXSourcesBuildPhase section */

/* Begin XCBuildConfiguration section */
		1D6058940D05DD3E006BFB54 /* Debug */ = {
			isa = XCBuildConfiguration;
			buildSettings = {
				ALWAYS_SEARCH_USER_PATHS = NO;
				COPY_PHASE_STRIP = NO;
				FRAMEWORK_SEARCH_PATHS = (
					"$(inherited)",
					"\"$(SDKROOT)$(SYSTEM_LIBRARY_DIR)/PrivateFrameworks\"",
				);
				GCC_DYNAMIC_NO_PIC = NO;
				GCC_OPTIMIZATION_LEVEL = 0;
				GCC_PRECOMPILE_PREFIX_HEADER = YES;
				GCC_PREFIX_HEADER = MultiCleaner_Prefix.pch;
				INFOPLIST_FILE = "MultiCleaner-Info.plist";
				LIBRARY_SEARCH_PATHS = (
					"$(inherited)",
					"\"$(DEVELOPER_DIR)/JBToolkit\"",
					"\"$(SDKROOT)$(SYSTEM_LIBRARY_DIR)/PrivateFrameworks/AppSupport.framework\"",
				);
				PRODUCT_NAME = MultiCleaner;
			};
			name = Debug;
		};
		1D6058950D05DD3E006BFB54 /* Release */ = {
			isa = XCBuildConfiguration;
			buildSettings = {
				ALWAYS_SEARCH_USER_PATHS = NO;
				COPY_PHASE_STRIP = YES;
				FRAMEWORK_SEARCH_PATHS = (
					"$(inherited)",
					"\"$(SDKROOT)$(SYSTEM_LIBRARY_DIR)/PrivateFrameworks\"",
				);
				GCC_PRECOMPILE_PREFIX_HEADER = YES;
				GCC_PREFIX_HEADER = MultiCleaner_Prefix.pch;
				INFOPLIST_FILE = "MultiCleaner-Info.plist";
				LIBRARY_SEARCH_PATHS = (
					"$(inherited)",
					"\"$(DEVELOPER_DIR)/JBToolkit\"",
					"\"$(SDKROOT)$(SYSTEM_LIBRARY_DIR)/PrivateFrameworks/AppSupport.framework\"",
				);
				PRODUCT_NAME = MultiCleaner;
				VALIDATE_PRODUCT = YES;
			};
			name = Release;
		};
		C01FCF4F08A954540054247B /* Debug */ = {
			isa = XCBuildConfiguration;
			buildSettings = {
				ARCHS = "$(ARCHS_STANDARD_32_BIT)";
				"CODE_SIGN_IDENTITY[sdk=iphoneos*]" = "iPhone Developer";
				GCC_C_LANGUAGE_STANDARD = c99;
				GCC_WARN_ABOUT_RETURN_TYPE = YES;
				GCC_WARN_UNUSED_VARIABLE = YES;
				PREBINDING = NO;
				SDKROOT = iphoneos4.0;
			};
			name = Debug;
		};
		C01FCF5008A954540054247B /* Release */ = {
			isa = XCBuildConfiguration;
			buildSettings = {
				ARCHS = "$(ARCHS_STANDARD_32_BIT)";
				"CODE_SIGN_IDENTITY[sdk=iphoneos*]" = "iPhone Developer";
				GCC_C_LANGUAGE_STANDARD = c99;
				GCC_WARN_ABOUT_RETURN_TYPE = YES;
				GCC_WARN_UNUSED_VARIABLE = YES;
				GENERATE_PROFILING_CODE = YES;
				IPHONEOS_DEPLOYMENT_TARGET = 4.0;
				OTHER_CFLAGS = "-DNS_BLOCK_ASSERTIONS=1";
				PREBINDING = NO;
				SDKROOT = iphoneos4.1;
			};
			name = Release;
		};
/* End XCBuildConfiguration section */

/* Begin XCConfigurationList section */
		1D6058960D05DD3E006BFB54 /* Build configuration list for PBXNativeTarget "MultiCleaner" */ = {
			isa = XCConfigurationList;
			buildConfigurations = (
				1D6058940D05DD3E006BFB54 /* Debug */,
				1D6058950D05DD3E006BFB54 /* Release */,
			);
			defaultConfigurationIsVisible = 0;
			defaultConfigurationName = Release;
		};
		C01FCF4E08A954540054247B /* Build configuration list for PBXProject "MultiCleaner" */ = {
			isa = XCConfigurationList;
			buildConfigurations = (
				C01FCF4F08A954540054247B /* Debug */,
				C01FCF5008A954540054247B /* Release */,
			);
			defaultConfigurationIsVisible = 0;
			defaultConfigurationName = Release;
		};
/* End XCConfigurationList section */
	};
	rootObject = 29B97313FDCFA39411CA2CEA /* Project object */;
}
